// !$*UTF8*$!
{
	archiveVersion = 1;
	classes = {
	};
	objectVersion = 46;
	objects = {

/* Begin PBXBuildFile section */
		500183871BD7B5600010C228 /* ErrorHandling.h in Headers */ = {isa = PBXBuildFile; fileRef = 500183861BD7B5600010C228 /* ErrorHandling.h */; settings = {ATTRIBUTES = (Public, ); }; };
		5001838E1BD7B5600010C228 /* ErrorHandling.framework in Frameworks */ = {isa = PBXBuildFile; fileRef = 500183831BD7B5600010C228 /* ErrorHandling.framework */; };
		5001839F1BD7B56A0010C228 /* ErrorAlert.swift in Sources */ = {isa = PBXBuildFile; fileRef = 5001839D1BD7B56A0010C228 /* ErrorAlert.swift */; };
		500183A01BD7B56A0010C228 /* TextEmailer.swift in Sources */ = {isa = PBXBuildFile; fileRef = 5001839E1BD7B56A0010C228 /* TextEmailer.swift */; };
		500183A21BD7B5880010C228 /* Optional.swift in Sources */ = {isa = PBXBuildFile; fileRef = 500183A11BD7B5880010C228 /* Optional.swift */; };
		509BE90B1EAE47220015285A /* Report.swift in Sources */ = {isa = PBXBuildFile; fileRef = 509BE90A1EAE47220015285A /* Report.swift */; };
		509BE9131EAE486B0015285A /* AppDelegate.swift in Sources */ = {isa = PBXBuildFile; fileRef = 509BE9121EAE486B0015285A /* AppDelegate.swift */; };
		509BE9151EAE486B0015285A /* Assets.xcassets in Resources */ = {isa = PBXBuildFile; fileRef = 509BE9141EAE486B0015285A /* Assets.xcassets */; };
		509BE9181EAE486B0015285A /* MainMenu.xib in Resources */ = {isa = PBXBuildFile; fileRef = 509BE9161EAE486B0015285A /* MainMenu.xib */; };
		509BE91F1EAE4FB20015285A /* ErrorHandling.framework in Frameworks */ = {isa = PBXBuildFile; fileRef = 500183831BD7B5600010C228 /* ErrorHandling.framework */; };
		509BE9201EAE4FB20015285A /* ErrorHandling.framework in Embed Frameworks */ = {isa = PBXBuildFile; fileRef = 500183831BD7B5600010C228 /* ErrorHandling.framework */; settings = {ATTRIBUTES = (CodeSignOnCopy, RemoveHeadersOnCopy, ); }; };
/* End PBXBuildFile section */

/* Begin PBXContainerItemProxy section */
		5001838F1BD7B5600010C228 /* PBXContainerItemProxy */ = {
			isa = PBXContainerItemProxy;
			containerPortal = 5001837A1BD7B5600010C228 /* Project object */;
			proxyType = 1;
			remoteGlobalIDString = 500183821BD7B5600010C228;
			remoteInfo = ErrorHandling;
		};
		509BE91D1EAE4EC50015285A /* PBXContainerItemProxy */ = {
			isa = PBXContainerItemProxy;
			containerPortal = 5001837A1BD7B5600010C228 /* Project object */;
			proxyType = 1;
			remoteGlobalIDString = 500183821BD7B5600010C228;
			remoteInfo = ErrorHandling;
		};
/* End PBXContainerItemProxy section */

/* Begin PBXCopyFilesBuildPhase section */
		509BE9211EAE4FB20015285A /* Embed Frameworks */ = {
			isa = PBXCopyFilesBuildPhase;
			buildActionMask = 2147483647;
			dstPath = "";
			dstSubfolderSpec = 10;
			files = (
				509BE9201EAE4FB20015285A /* ErrorHandling.framework in Embed Frameworks */,
			);
			name = "Embed Frameworks";
			runOnlyForDeploymentPostprocessing = 0;
		};
/* End PBXCopyFilesBuildPhase section */

/* Begin PBXFileReference section */
		500183831BD7B5600010C228 /* ErrorHandling.framework */ = {isa = PBXFileReference; explicitFileType = wrapper.framework; includeInIndex = 0; path = ErrorHandling.framework; sourceTree = BUILT_PRODUCTS_DIR; };
		500183861BD7B5600010C228 /* ErrorHandling.h */ = {isa = PBXFileReference; lastKnownFileType = sourcecode.c.h; path = ErrorHandling.h; sourceTree = "<group>"; };
		500183881BD7B5600010C228 /* Info.plist */ = {isa = PBXFileReference; lastKnownFileType = text.plist.xml; path = Info.plist; sourceTree = "<group>"; };
		5001838D1BD7B5600010C228 /* ErrorHandlingTests.xctest */ = {isa = PBXFileReference; explicitFileType = wrapper.cfbundle; includeInIndex = 0; path = ErrorHandlingTests.xctest; sourceTree = BUILT_PRODUCTS_DIR; };
		500183941BD7B5600010C228 /* Info.plist */ = {isa = PBXFileReference; lastKnownFileType = text.plist.xml; path = Info.plist; sourceTree = "<group>"; };
		5001839D1BD7B56A0010C228 /* ErrorAlert.swift */ = {isa = PBXFileReference; fileEncoding = 4; lastKnownFileType = sourcecode.swift; path = ErrorAlert.swift; sourceTree = "<group>"; };
		5001839E1BD7B56A0010C228 /* TextEmailer.swift */ = {isa = PBXFileReference; fileEncoding = 4; lastKnownFileType = sourcecode.swift; path = TextEmailer.swift; sourceTree = "<group>"; };
		500183A11BD7B5880010C228 /* Optional.swift */ = {isa = PBXFileReference; fileEncoding = 4; lastKnownFileType = sourcecode.swift; path = Optional.swift; sourceTree = "<group>"; };
		509BE90A1EAE47220015285A /* Report.swift */ = {isa = PBXFileReference; fileEncoding = 4; lastKnownFileType = sourcecode.swift; path = Report.swift; sourceTree = "<group>"; };
		509BE9101EAE486B0015285A /* Example.app */ = {isa = PBXFileReference; explicitFileType = wrapper.application; includeInIndex = 0; path = Example.app; sourceTree = BUILT_PRODUCTS_DIR; };
		509BE9121EAE486B0015285A /* AppDelegate.swift */ = {isa = PBXFileReference; lastKnownFileType = sourcecode.swift; path = AppDelegate.swift; sourceTree = "<group>"; };
		509BE9141EAE486B0015285A /* Assets.xcassets */ = {isa = PBXFileReference; lastKnownFileType = folder.assetcatalog; path = Assets.xcassets; sourceTree = "<group>"; };
		509BE9171EAE486B0015285A /* Base */ = {isa = PBXFileReference; lastKnownFileType = file.xib; name = Base; path = Base.lproj/MainMenu.xib; sourceTree = "<group>"; };
		509BE9191EAE486B0015285A /* Info.plist */ = {isa = PBXFileReference; lastKnownFileType = text.plist.xml; path = Info.plist; sourceTree = "<group>"; };
/* End PBXFileReference section */

/* Begin PBXFrameworksBuildPhase section */
		5001837F1BD7B5600010C228 /* Frameworks */ = {
			isa = PBXFrameworksBuildPhase;
			buildActionMask = 2147483647;
			files = (
			);
			runOnlyForDeploymentPostprocessing = 0;
		};
		5001838A1BD7B5600010C228 /* Frameworks */ = {
			isa = PBXFrameworksBuildPhase;
			buildActionMask = 2147483647;
			files = (
				5001838E1BD7B5600010C228 /* ErrorHandling.framework in Frameworks */,
			);
			runOnlyForDeploymentPostprocessing = 0;
		};
		509BE90D1EAE486B0015285A /* Frameworks */ = {
			isa = PBXFrameworksBuildPhase;
			buildActionMask = 2147483647;
			files = (
				509BE91F1EAE4FB20015285A /* ErrorHandling.framework in Frameworks */,
			);
			runOnlyForDeploymentPostprocessing = 0;
		};
/* End PBXFrameworksBuildPhase section */

/* Begin PBXGroup section */
		500183791BD7B5600010C228 = {
			isa = PBXGroup;
			children = (
				500183851BD7B5600010C228 /* ErrorHandling */,
				500183911BD7B5600010C228 /* ErrorHandlingTests */,
				509BE9111EAE486B0015285A /* Example */,
				500183841BD7B5600010C228 /* Products */,
			);
			sourceTree = "<group>";
		};
		500183841BD7B5600010C228 /* Products */ = {
			isa = PBXGroup;
			children = (
				500183831BD7B5600010C228 /* ErrorHandling.framework */,
				5001838D1BD7B5600010C228 /* ErrorHandlingTests.xctest */,
				509BE9101EAE486B0015285A /* Example.app */,
			);
			name = Products;
			sourceTree = "<group>";
		};
		500183851BD7B5600010C228 /* ErrorHandling */ = {
			isa = PBXGroup;
			children = (
				500183861BD7B5600010C228 /* ErrorHandling.h */,
				5001839D1BD7B56A0010C228 /* ErrorAlert.swift */,
				5001839E1BD7B56A0010C228 /* TextEmailer.swift */,
				509BE90A1EAE47220015285A /* Report.swift */,
				500183A11BD7B5880010C228 /* Optional.swift */,
				500183881BD7B5600010C228 /* Info.plist */,
			);
			path = ErrorHandling;
			sourceTree = "<group>";
		};
		500183911BD7B5600010C228 /* ErrorHandlingTests */ = {
			isa = PBXGroup;
			children = (
				500183941BD7B5600010C228 /* Info.plist */,
			);
			path = ErrorHandlingTests;
			sourceTree = "<group>";
		};
		509BE9111EAE486B0015285A /* Example */ = {
			isa = PBXGroup;
			children = (
				509BE9121EAE486B0015285A /* AppDelegate.swift */,
				509BE9141EAE486B0015285A /* Assets.xcassets */,
				509BE9161EAE486B0015285A /* MainMenu.xib */,
				509BE9191EAE486B0015285A /* Info.plist */,
			);
			path = Example;
			sourceTree = "<group>";
		};
/* End PBXGroup section */

/* Begin PBXHeadersBuildPhase section */
		500183801BD7B5600010C228 /* Headers */ = {
			isa = PBXHeadersBuildPhase;
			buildActionMask = 2147483647;
			files = (
				500183871BD7B5600010C228 /* ErrorHandling.h in Headers */,
			);
			runOnlyForDeploymentPostprocessing = 0;
		};
/* End PBXHeadersBuildPhase section */

/* Begin PBXNativeTarget section */
		500183821BD7B5600010C228 /* ErrorHandling */ = {
			isa = PBXNativeTarget;
			buildConfigurationList = 500183971BD7B5600010C228 /* Build configuration list for PBXNativeTarget "ErrorHandling" */;
			buildPhases = (
				5001837E1BD7B5600010C228 /* Sources */,
				5001837F1BD7B5600010C228 /* Frameworks */,
				500183801BD7B5600010C228 /* Headers */,
				500183811BD7B5600010C228 /* Resources */,
			);
			buildRules = (
			);
			dependencies = (
			);
			name = ErrorHandling;
			productName = ErrorHandling;
			productReference = 500183831BD7B5600010C228 /* ErrorHandling.framework */;
			productType = "com.apple.product-type.framework";
		};
		5001838C1BD7B5600010C228 /* ErrorHandlingTests */ = {
			isa = PBXNativeTarget;
			buildConfigurationList = 5001839A1BD7B5600010C228 /* Build configuration list for PBXNativeTarget "ErrorHandlingTests" */;
			buildPhases = (
				500183891BD7B5600010C228 /* Sources */,
				5001838A1BD7B5600010C228 /* Frameworks */,
				5001838B1BD7B5600010C228 /* Resources */,
			);
			buildRules = (
			);
			dependencies = (
				500183901BD7B5600010C228 /* PBXTargetDependency */,
			);
			name = ErrorHandlingTests;
			productName = ErrorHandlingTests;
			productReference = 5001838D1BD7B5600010C228 /* ErrorHandlingTests.xctest */;
			productType = "com.apple.product-type.bundle.unit-test";
		};
		509BE90F1EAE486B0015285A /* Example */ = {
			isa = PBXNativeTarget;
			buildConfigurationList = 509BE91A1EAE486B0015285A /* Build configuration list for PBXNativeTarget "Example" */;
			buildPhases = (
				509BE90C1EAE486B0015285A /* Sources */,
				509BE90D1EAE486B0015285A /* Frameworks */,
				509BE90E1EAE486B0015285A /* Resources */,
				509BE9211EAE4FB20015285A /* Embed Frameworks */,
			);
			buildRules = (
			);
			dependencies = (
				509BE91E1EAE4EC50015285A /* PBXTargetDependency */,
			);
			name = Example;
			productName = Example;
			productReference = 509BE9101EAE486B0015285A /* Example.app */;
			productType = "com.apple.product-type.application";
		};
/* End PBXNativeTarget section */

/* Begin PBXProject section */
		5001837A1BD7B5600010C228 /* Project object */ = {
			isa = PBXProject;
			attributes = {
				LastSwiftUpdateCheck = 0820;
				LastUpgradeCheck = 1020;
				ORGANIZATIONNAME = "Christian Tietze";
				TargetAttributes = {
					500183821BD7B5600010C228 = {
						CreatedOnToolsVersion = 7.0.1;
						DevelopmentTeam = FRMDA3XRGC;
						LastSwiftMigration = 1020;
						ProvisioningStyle = Manual;
					};
					5001838C1BD7B5600010C228 = {
						CreatedOnToolsVersion = 7.0.1;
						LastSwiftMigration = 0800;
					};
					509BE90F1EAE486B0015285A = {
						CreatedOnToolsVersion = 8.2.1;
						DevelopmentTeam = FRMDA3XRGC;
						LastSwiftMigration = 1020;
						ProvisioningStyle = Automatic;
					};
				};
			};
			buildConfigurationList = 5001837D1BD7B5600010C228 /* Build configuration list for PBXProject "ErrorHandling" */;
			compatibilityVersion = "Xcode 3.2";
			developmentRegion = en;
			hasScannedForEncodings = 0;
			knownRegions = (
				en,
				Base,
			);
			mainGroup = 500183791BD7B5600010C228;
			productRefGroup = 500183841BD7B5600010C228 /* Products */;
			projectDirPath = "";
			projectRoot = "";
			targets = (
				500183821BD7B5600010C228 /* ErrorHandling */,
				5001838C1BD7B5600010C228 /* ErrorHandlingTests */,
				509BE90F1EAE486B0015285A /* Example */,
			);
		};
/* End PBXProject section */

/* Begin PBXResourcesBuildPhase section */
		500183811BD7B5600010C228 /* Resources */ = {
			isa = PBXResourcesBuildPhase;
			buildActionMask = 2147483647;
			files = (
			);
			runOnlyForDeploymentPostprocessing = 0;
		};
		5001838B1BD7B5600010C228 /* Resources */ = {
			isa = PBXResourcesBuildPhase;
			buildActionMask = 2147483647;
			files = (
			);
			runOnlyForDeploymentPostprocessing = 0;
		};
		509BE90E1EAE486B0015285A /* Resources */ = {
			isa = PBXResourcesBuildPhase;
			buildActionMask = 2147483647;
			files = (
				509BE9151EAE486B0015285A /* Assets.xcassets in Resources */,
				509BE9181EAE486B0015285A /* MainMenu.xib in Resources */,
			);
			runOnlyForDeploymentPostprocessing = 0;
		};
/* End PBXResourcesBuildPhase section */

/* Begin PBXSourcesBuildPhase section */
		5001837E1BD7B5600010C228 /* Sources */ = {
			isa = PBXSourcesBuildPhase;
			buildActionMask = 2147483647;
			files = (
				500183A01BD7B56A0010C228 /* TextEmailer.swift in Sources */,
				5001839F1BD7B56A0010C228 /* ErrorAlert.swift in Sources */,
				500183A21BD7B5880010C228 /* Optional.swift in Sources */,
				509BE90B1EAE47220015285A /* Report.swift in Sources */,
			);
			runOnlyForDeploymentPostprocessing = 0;
		};
		500183891BD7B5600010C228 /* Sources */ = {
			isa = PBXSourcesBuildPhase;
			buildActionMask = 2147483647;
			files = (
			);
			runOnlyForDeploymentPostprocessing = 0;
		};
		509BE90C1EAE486B0015285A /* Sources */ = {
			isa = PBXSourcesBuildPhase;
			buildActionMask = 2147483647;
			files = (
				509BE9131EAE486B0015285A /* AppDelegate.swift in Sources */,
			);
			runOnlyForDeploymentPostprocessing = 0;
		};
/* End PBXSourcesBuildPhase section */

/* Begin PBXTargetDependency section */
		500183901BD7B5600010C228 /* PBXTargetDependency */ = {
			isa = PBXTargetDependency;
			target = 500183821BD7B5600010C228 /* ErrorHandling */;
			targetProxy = 5001838F1BD7B5600010C228 /* PBXContainerItemProxy */;
		};
		509BE91E1EAE4EC50015285A /* PBXTargetDependency */ = {
			isa = PBXTargetDependency;
			target = 500183821BD7B5600010C228 /* ErrorHandling */;
			targetProxy = 509BE91D1EAE4EC50015285A /* PBXContainerItemProxy */;
		};
/* End PBXTargetDependency section */

/* Begin PBXVariantGroup section */
		509BE9161EAE486B0015285A /* MainMenu.xib */ = {
			isa = PBXVariantGroup;
			children = (
				509BE9171EAE486B0015285A /* Base */,
			);
			name = MainMenu.xib;
			sourceTree = "<group>";
		};
/* End PBXVariantGroup section */

/* Begin XCBuildConfiguration section */
		500183951BD7B5600010C228 /* Debug */ = {
			isa = XCBuildConfiguration;
			buildSettings = {
				ALWAYS_SEARCH_USER_PATHS = NO;
				CLANG_ANALYZER_LOCALIZABILITY_NONLOCALIZED = YES;
				CLANG_CXX_LANGUAGE_STANDARD = "gnu++0x";
				CLANG_CXX_LIBRARY = "libc++";
				CLANG_ENABLE_MODULES = YES;
				CLANG_ENABLE_OBJC_ARC = YES;
				CLANG_WARN_BLOCK_CAPTURE_AUTORELEASING = YES;
				CLANG_WARN_BOOL_CONVERSION = YES;
				CLANG_WARN_COMMA = YES;
				CLANG_WARN_CONSTANT_CONVERSION = YES;
				CLANG_WARN_DEPRECATED_OBJC_IMPLEMENTATIONS = YES;
				CLANG_WARN_DIRECT_OBJC_ISA_USAGE = YES_ERROR;
				CLANG_WARN_EMPTY_BODY = YES;
				CLANG_WARN_ENUM_CONVERSION = YES;
				CLANG_WARN_INFINITE_RECURSION = YES;
				CLANG_WARN_INT_CONVERSION = YES;
				CLANG_WARN_NON_LITERAL_NULL_CONVERSION = YES;
				CLANG_WARN_OBJC_IMPLICIT_RETAIN_SELF = YES;
				CLANG_WARN_OBJC_LITERAL_CONVERSION = YES;
				CLANG_WARN_OBJC_ROOT_CLASS = YES_ERROR;
				CLANG_WARN_RANGE_LOOP_ANALYSIS = YES;
				CLANG_WARN_STRICT_PROTOTYPES = YES;
				CLANG_WARN_SUSPICIOUS_MOVE = YES;
				CLANG_WARN_UNREACHABLE_CODE = YES;
				CLANG_WARN__DUPLICATE_METHOD_MATCH = YES;
				COPY_PHASE_STRIP = NO;
				CURRENT_PROJECT_VERSION = 1;
				DEBUG_INFORMATION_FORMAT = dwarf;
				ENABLE_STRICT_OBJC_MSGSEND = YES;
				ENABLE_TESTABILITY = YES;
				GCC_C_LANGUAGE_STANDARD = gnu99;
				GCC_DYNAMIC_NO_PIC = NO;
				GCC_NO_COMMON_BLOCKS = YES;
				GCC_OPTIMIZATION_LEVEL = 0;
				GCC_PREPROCESSOR_DEFINITIONS = (
					"DEBUG=1",
					"$(inherited)",
				);
				GCC_WARN_64_TO_32_BIT_CONVERSION = YES;
				GCC_WARN_ABOUT_RETURN_TYPE = YES_ERROR;
				GCC_WARN_UNDECLARED_SELECTOR = YES;
				GCC_WARN_UNINITIALIZED_AUTOS = YES_AGGRESSIVE;
				GCC_WARN_UNUSED_FUNCTION = YES;
				GCC_WARN_UNUSED_VARIABLE = YES;
				MACOSX_DEPLOYMENT_TARGET = 10.9;
				MTL_ENABLE_DEBUG_INFO = YES;
				ONLY_ACTIVE_ARCH = YES;
				SDKROOT = macosx;
				SWIFT_OPTIMIZATION_LEVEL = "-Onone";
				VERSIONING_SYSTEM = "apple-generic";
				VERSION_INFO_PREFIX = "";
			};
			name = Debug;
		};
		500183961BD7B5600010C228 /* Release */ = {
			isa = XCBuildConfiguration;
			buildSettings = {
				ALWAYS_SEARCH_USER_PATHS = NO;
				CLANG_ANALYZER_LOCALIZABILITY_NONLOCALIZED = YES;
				CLANG_CXX_LANGUAGE_STANDARD = "gnu++0x";
				CLANG_CXX_LIBRARY = "libc++";
				CLANG_ENABLE_MODULES = YES;
				CLANG_ENABLE_OBJC_ARC = YES;
				CLANG_WARN_BLOCK_CAPTURE_AUTORELEASING = YES;
				CLANG_WARN_BOOL_CONVERSION = YES;
				CLANG_WARN_COMMA = YES;
				CLANG_WARN_CONSTANT_CONVERSION = YES;
				CLANG_WARN_DEPRECATED_OBJC_IMPLEMENTATIONS = YES;
				CLANG_WARN_DIRECT_OBJC_ISA_USAGE = YES_ERROR;
				CLANG_WARN_EMPTY_BODY = YES;
				CLANG_WARN_ENUM_CONVERSION = YES;
				CLANG_WARN_INFINITE_RECURSION = YES;
				CLANG_WARN_INT_CONVERSION = YES;
				CLANG_WARN_NON_LITERAL_NULL_CONVERSION = YES;
				CLANG_WARN_OBJC_IMPLICIT_RETAIN_SELF = YES;
				CLANG_WARN_OBJC_LITERAL_CONVERSION = YES;
				CLANG_WARN_OBJC_ROOT_CLASS = YES_ERROR;
				CLANG_WARN_RANGE_LOOP_ANALYSIS = YES;
				CLANG_WARN_STRICT_PROTOTYPES = YES;
				CLANG_WARN_SUSPICIOUS_MOVE = YES;
				CLANG_WARN_UNREACHABLE_CODE = YES;
				CLANG_WARN__DUPLICATE_METHOD_MATCH = YES;
				COPY_PHASE_STRIP = NO;
				CURRENT_PROJECT_VERSION = 1;
				DEBUG_INFORMATION_FORMAT = "dwarf-with-dsym";
				ENABLE_NS_ASSERTIONS = NO;
				ENABLE_STRICT_OBJC_MSGSEND = YES;
				GCC_C_LANGUAGE_STANDARD = gnu99;
				GCC_NO_COMMON_BLOCKS = YES;
				GCC_WARN_64_TO_32_BIT_CONVERSION = YES;
				GCC_WARN_ABOUT_RETURN_TYPE = YES_ERROR;
				GCC_WARN_UNDECLARED_SELECTOR = YES;
				GCC_WARN_UNINITIALIZED_AUTOS = YES_AGGRESSIVE;
				GCC_WARN_UNUSED_FUNCTION = YES;
				GCC_WARN_UNUSED_VARIABLE = YES;
				MACOSX_DEPLOYMENT_TARGET = 10.9;
				MTL_ENABLE_DEBUG_INFO = NO;
				SDKROOT = macosx;
				SWIFT_OPTIMIZATION_LEVEL = "-Owholemodule";
				VERSIONING_SYSTEM = "apple-generic";
				VERSION_INFO_PREFIX = "";
			};
			name = Release;
		};
		500183981BD7B5600010C228 /* Debug */ = {
			isa = XCBuildConfiguration;
			buildSettings = {
				CLANG_ENABLE_MODULES = YES;
				CODE_SIGN_IDENTITY = "-";
				COMBINE_HIDPI_IMAGES = YES;
				DEFINES_MODULE = YES;
				DEVELOPMENT_TEAM = FRMDA3XRGC;
				DYLIB_COMPATIBILITY_VERSION = 1;
				DYLIB_CURRENT_VERSION = 1;
				DYLIB_INSTALL_NAME_BASE = "@rpath";
				FRAMEWORK_VERSION = A;
				INFOPLIST_FILE = ErrorHandling/Info.plist;
				INSTALL_PATH = "$(LOCAL_LIBRARY_DIR)/Frameworks";
				LD_RUNPATH_SEARCH_PATHS = "$(inherited) @executable_path/../Frameworks @loader_path/Frameworks";
				MACOSX_DEPLOYMENT_TARGET = 10.9;
				PRODUCT_BUNDLE_IDENTIFIER = de.christiantietze.ErrorHandling;
				PRODUCT_NAME = "$(TARGET_NAME)";
				SKIP_INSTALL = YES;
				SWIFT_OPTIMIZATION_LEVEL = "-Onone";
				SWIFT_VERSION = 5.0;
			};
			name = Debug;
		};
		500183991BD7B5600010C228 /* Release */ = {
			isa = XCBuildConfiguration;
			buildSettings = {
				CLANG_ENABLE_MODULES = YES;
				CODE_SIGN_IDENTITY = "-";
				COMBINE_HIDPI_IMAGES = YES;
				DEFINES_MODULE = YES;
				DEVELOPMENT_TEAM = FRMDA3XRGC;
				DYLIB_COMPATIBILITY_VERSION = 1;
				DYLIB_CURRENT_VERSION = 1;
				DYLIB_INSTALL_NAME_BASE = "@rpath";
				FRAMEWORK_VERSION = A;
				INFOPLIST_FILE = ErrorHandling/Info.plist;
				INSTALL_PATH = "$(LOCAL_LIBRARY_DIR)/Frameworks";
				LD_RUNPATH_SEARCH_PATHS = "$(inherited) @executable_path/../Frameworks @loader_path/Frameworks";
				MACOSX_DEPLOYMENT_TARGET = 10.9;
				PRODUCT_BUNDLE_IDENTIFIER = de.christiantietze.ErrorHandling;
				PRODUCT_NAME = "$(TARGET_NAME)";
				SKIP_INSTALL = YES;
				SWIFT_VERSION = 5.0;
			};
			name = Release;
		};
		5001839B1BD7B5600010C228 /* Debug */ = {
			isa = XCBuildConfiguration;
			buildSettings = {
				COMBINE_HIDPI_IMAGES = YES;
				INFOPLIST_FILE = ErrorHandlingTests/Info.plist;
				LD_RUNPATH_SEARCH_PATHS = "$(inherited) @executable_path/../Frameworks @loader_path/../Frameworks";
				PRODUCT_BUNDLE_IDENTIFIER = de.christiantietze.ErrorHandlingTests;
				PRODUCT_NAME = "$(TARGET_NAME)";
				SWIFT_VERSION = 3.0;
			};
			name = Debug;
		};
		5001839C1BD7B5600010C228 /* Release */ = {
			isa = XCBuildConfiguration;
			buildSettings = {
				COMBINE_HIDPI_IMAGES = YES;
				INFOPLIST_FILE = ErrorHandlingTests/Info.plist;
				LD_RUNPATH_SEARCH_PATHS = "$(inherited) @executable_path/../Frameworks @loader_path/../Frameworks";
				PRODUCT_BUNDLE_IDENTIFIER = de.christiantietze.ErrorHandlingTests;
				PRODUCT_NAME = "$(TARGET_NAME)";
				SWIFT_VERSION = 3.0;
			};
			name = Release;
		};
		509BE91B1EAE486B0015285A /* Debug */ = {
			isa = XCBuildConfiguration;
			buildSettings = {
				ALWAYS_EMBED_SWIFT_STANDARD_LIBRARIES = YES;
				ASSETCATALOG_COMPILER_APPICON_NAME = AppIcon;
				CLANG_ANALYZER_NONNULL = YES;
				CLANG_WARN_DOCUMENTATION_COMMENTS = YES;
				CODE_SIGN_IDENTITY = "-";
				COMBINE_HIDPI_IMAGES = YES;
				DEVELOPMENT_TEAM = FRMDA3XRGC;
				INFOPLIST_FILE = Example/Info.plist;
				LD_RUNPATH_SEARCH_PATHS = "$(inherited) @executable_path/../Frameworks";
				MACOSX_DEPLOYMENT_TARGET = 10.11;
				PRODUCT_BUNDLE_IDENTIFIER = de.christiantietze.Example;
				PRODUCT_NAME = "$(TARGET_NAME)";
				SWIFT_ACTIVE_COMPILATION_CONDITIONS = DEBUG;
				SWIFT_VERSION = 5.0;
			};
			name = Debug;
		};
		509BE91C1EAE486B0015285A /* Release */ = {
			isa = XCBuildConfiguration;
			buildSettings = {
				ALWAYS_EMBED_SWIFT_STANDARD_LIBRARIES = YES;
				ASSETCATALOG_COMPILER_APPICON_NAME = AppIcon;
				CLANG_ANALYZER_NONNULL = YES;
				CLANG_WARN_DOCUMENTATION_COMMENTS = YES;
				CODE_SIGN_IDENTITY = "-";
				COMBINE_HIDPI_IMAGES = YES;
				DEVELOPMENT_TEAM = FRMDA3XRGC;
				INFOPLIST_FILE = Example/Info.plist;
				LD_RUNPATH_SEARCH_PATHS = "$(inherited) @executable_path/../Frameworks";
				MACOSX_DEPLOYMENT_TARGET = 10.11;
				PRODUCT_BUNDLE_IDENTIFIER = de.christiantietze.Example;
				PRODUCT_NAME = "$(TARGET_NAME)";
				SWIFT_VERSION = 5.0;
			};
			name = Release;
		};
/* End XCBuildConfiguration section */

/* Begin XCConfigurationList section */
		5001837D1BD7B5600010C228 /* Build configuration list for PBXProject "ErrorHandling" */ = {
			isa = XCConfigurationList;
			buildConfigurations = (
				500183951BD7B5600010C228 /* Debug */,
				500183961BD7B5600010C228 /* Release */,
			);
			defaultConfigurationIsVisible = 0;
			defaultConfigurationName = Release;
		};
		500183971BD7B5600010C228 /* Build configuration list for PBXNativeTarget "ErrorHandling" */ = {
			isa = XCConfigurationList;
			buildConfigurations = (
				500183981BD7B5600010C228 /* Debug */,
				500183991BD7B5600010C228 /* Release */,
			);
			defaultConfigurationIsVisible = 0;
			defaultConfigurationName = Release;
		};
		5001839A1BD7B5600010C228 /* Build configuration list for PBXNativeTarget "ErrorHandlingTests" */ = {
			isa = XCConfigurationList;
			buildConfigurations = (
				5001839B1BD7B5600010C228 /* Debug */,
				5001839C1BD7B5600010C228 /* Release */,
			);
			defaultConfigurationIsVisible = 0;
			defaultConfigurationName = Release;
		};
		509BE91A1EAE486B0015285A /* Build configuration list for PBXNativeTarget "Example" */ = {
			isa = XCConfigurationList;
			buildConfigurations = (
				509BE91B1EAE486B0015285A /* Debug */,
				509BE91C1EAE486B0015285A /* Release */,
			);
			defaultConfigurationIsVisible = 0;
			defaultConfigurationName = Release;
		};
/* End XCConfigurationList section */
	};
	rootObject = 5001837A1BD7B5600010C228 /* Project object */;
}
